PODS:
  - Starscream (3.0.4)
  - SwiftyJSON (4.0.0)
  - WebRTC (63.11.20455)

DEPENDENCIES:
  - Starscream (~> 3.0.4)
  - SwiftyJSON (= 4.0.0)
  - WebRTC (= 63.11.20455)

SPEC CHECKSUMS:
  Starscream: f5da93fe6984c77b694366bf7299b7dc63a76f26
  SwiftyJSON: 070dabdcb1beb81b247c65ffa3a79dbbfb3b48aa
  WebRTC: f2a6203584745fe53532633397557876b5d71640

PODFILE CHECKSUM: 9e86d3b5d21728d63bed2c10e473e8b56f32a633

COCOAPODS: 1.2.1
