// !$*UTF8*$!
{
	archiveVersion = 1;
	classes = {
	};
	objectVersion = 48;
	objects = {

/* Begin PBXBuildFile section */
		2AC73B211C47E433D5E871AE /* Pods_ioswebrtc.framework in Frameworks */ = {isa = PBXBuildFile; fileRef = 8566644C0955CE90CD6C8CAA /* Pods_ioswebrtc.framework */; };
		46DE91F2203CFAF300F31CDE /* AppDelegate.swift in Sources */ = {isa = PBXBuildFile; fileRef = 46DE91F1203CFAF300F31CDE /* AppDelegate.swift */; };
		46DE91F4203CFAF300F31CDE /* ViewController.swift in Sources */ = {isa = PBXBuildFile; fileRef = 46DE91F3203CFAF300F31CDE /* ViewController.swift */; };
		46DE91F7203CFAF300F31CDE /* Main.storyboard in Resources */ = {isa = PBXBuildFile; fileRef = 46DE91F5203CFAF300F31CDE /* Main.storyboard */; };
		46DE91F9203CFAF300F31CDE /* Assets.xcassets in Resources */ = {isa = PBXBuildFile; fileRef = 46DE91F8203CFAF300F31CDE /* Assets.xcassets */; };
		46DE91FC203CFAF300F31CDE /* LaunchScreen.storyboard in Resources */ = {isa = PBXBuildFile; fileRef = 46DE91FA203CFAF300F31CDE /* LaunchScreen.storyboard */; };
		46DE9207203CFAF300F31CDE /* ioswebrtcTests.swift in Sources */ = {isa = PBXBuildFile; fileRef = 46DE9206203CFAF300F31CDE /* ioswebrtcTests.swift */; };
		46DE9212203CFAF300F31CDE /* ioswebrtcUITests.swift in Sources */ = {isa = PBXBuildFile; fileRef = 46DE9211203CFAF300F31CDE /* ioswebrtcUITests.swift */; };
		46EB03FD2048278700EEDC4E /* DetailViewController.swift in Sources */ = {isa = PBXBuildFile; fileRef = 46EB03FC2048278700EEDC4E /* DetailViewController.swift */; };
		DCDA02561D20357459E981CD /* Pods_ioswebrtcUITests.framework in Frameworks */ = {isa = PBXBuildFile; fileRef = A83CBB1756349CD0707A1B96 /* Pods_ioswebrtcUITests.framework */; };
		EFD3E148DC2CBBC3B6AE267B /* Pods_ioswebrtcTests.framework in Frameworks */ = {isa = PBXBuildFile; fileRef = 4180A5968CAA22DAB4F6D31A /* Pods_ioswebrtcTests.framework */; };
/* End PBXBuildFile section */

/* Begin PBXContainerItemProxy section */
		46DE9203203CFAF300F31CDE /* PBXContainerItemProxy */ = {
			isa = PBXContainerItemProxy;
			containerPortal = 46DE91E6203CFAF300F31CDE /* Project object */;
			proxyType = 1;
			remoteGlobalIDString = 46DE91ED203CFAF300F31CDE;
			remoteInfo = ioswebrtc;
		};
		46DE920E203CFAF300F31CDE /* PBXContainerItemProxy */ = {
			isa = PBXContainerItemProxy;
			containerPortal = 46DE91E6203CFAF300F31CDE /* Project object */;
			proxyType = 1;
			remoteGlobalIDString = 46DE91ED203CFAF300F31CDE;
			remoteInfo = ioswebrtc;
		};
/* End PBXContainerItemProxy section */

/* Begin PBXFileReference section */
		21ABBF9F8585A3F905A7C5CB /* Pods-ioswebrtc.debug.xcconfig */ = {isa = PBXFileReference; includeInIndex = 1; lastKnownFileType = text.xcconfig; name = "Pods-ioswebrtc.debug.xcconfig"; path = "Pods/Target Support Files/Pods-ioswebrtc/Pods-ioswebrtc.debug.xcconfig"; sourceTree = "<group>"; };
		4180A5968CAA22DAB4F6D31A /* Pods_ioswebrtcTests.framework */ = {isa = PBXFileReference; explicitFileType = wrapper.framework; includeInIndex = 0; path = Pods_ioswebrtcTests.framework; sourceTree = BUILT_PRODUCTS_DIR; };
		46DE91EE203CFAF300F31CDE /* ioswebrtc.app */ = {isa = PBXFileReference; explicitFileType = wrapper.application; includeInIndex = 0; path = ioswebrtc.app; sourceTree = BUILT_PRODUCTS_DIR; };
		46DE91F1203CFAF300F31CDE /* AppDelegate.swift */ = {isa = PBXFileReference; lastKnownFileType = sourcecode.swift; path = AppDelegate.swift; sourceTree = "<group>"; };
		46DE91F3203CFAF300F31CDE /* ViewController.swift */ = {isa = PBXFileReference; lastKnownFileType = sourcecode.swift; path = ViewController.swift; sourceTree = "<group>"; };
		46DE91F6203CFAF300F31CDE /* Base */ = {isa = PBXFileReference; lastKnownFileType = file.storyboard; name = Base; path = Base.lproj/Main.storyboard; sourceTree = "<group>"; };
		46DE91F8203CFAF300F31CDE /* Assets.xcassets */ = {isa = PBXFileReference; lastKnownFileType = folder.assetcatalog; path = Assets.xcassets; sourceTree = "<group>"; };
		46DE91FB203CFAF300F31CDE /* Base */ = {isa = PBXFileReference; lastKnownFileType = file.storyboard; name = Base; path = Base.lproj/LaunchScreen.storyboard; sourceTree = "<group>"; };
		46DE91FD203CFAF300F31CDE /* Info.plist */ = {isa = PBXFileReference; lastKnownFileType = text.plist.xml; path = Info.plist; sourceTree = "<group>"; };
		46DE9202203CFAF300F31CDE /* ioswebrtcTests.xctest */ = {isa = PBXFileReference; explicitFileType = wrapper.cfbundle; includeInIndex = 0; path = ioswebrtcTests.xctest; sourceTree = BUILT_PRODUCTS_DIR; };
		46DE9206203CFAF300F31CDE /* ioswebrtcTests.swift */ = {isa = PBXFileReference; lastKnownFileType = sourcecode.swift; path = ioswebrtcTests.swift; sourceTree = "<group>"; };
		46DE9208203CFAF300F31CDE /* Info.plist */ = {isa = PBXFileReference; lastKnownFileType = text.plist.xml; path = Info.plist; sourceTree = "<group>"; };
		46DE920D203CFAF300F31CDE /* ioswebrtcUITests.xctest */ = {isa = PBXFileReference; explicitFileType = wrapper.cfbundle; includeInIndex = 0; path = ioswebrtcUITests.xctest; sourceTree = BUILT_PRODUCTS_DIR; };
		46DE9211203CFAF300F31CDE /* ioswebrtcUITests.swift */ = {isa = PBXFileReference; lastKnownFileType = sourcecode.swift; path = ioswebrtcUITests.swift; sourceTree = "<group>"; };
		46DE9213203CFAF300F31CDE /* Info.plist */ = {isa = PBXFileReference; lastKnownFileType = text.plist.xml; path = Info.plist; sourceTree = "<group>"; };
		46EB03FC2048278700EEDC4E /* DetailViewController.swift */ = {isa = PBXFileReference; lastKnownFileType = sourcecode.swift; path = DetailViewController.swift; sourceTree = "<group>"; };
		69C25303F404D0087D834D37 /* Pods-ioswebrtcTests.debug.xcconfig */ = {isa = PBXFileReference; includeInIndex = 1; lastKnownFileType = text.xcconfig; name = "Pods-ioswebrtcTests.debug.xcconfig"; path = "Pods/Target Support Files/Pods-ioswebrtcTests/Pods-ioswebrtcTests.debug.xcconfig"; sourceTree = "<group>"; };
		767BCE22281C05F7789F7224 /* Pods-ioswebrtcUITests.debug.xcconfig */ = {isa = PBXFileReference; includeInIndex = 1; lastKnownFileType = text.xcconfig; name = "Pods-ioswebrtcUITests.debug.xcconfig"; path = "Pods/Target Support Files/Pods-ioswebrtcUITests/Pods-ioswebrtcUITests.debug.xcconfig"; sourceTree = "<group>"; };
		79ADE782FA3DEB97BA1941DA /* Pods-ioswebrtcUITests.release.xcconfig */ = {isa = PBXFileReference; includeInIndex = 1; lastKnownFileType = text.xcconfig; name = "Pods-ioswebrtcUITests.release.xcconfig"; path = "Pods/Target Support Files/Pods-ioswebrtcUITests/Pods-ioswebrtcUITests.release.xcconfig"; sourceTree = "<group>"; };
		8566644C0955CE90CD6C8CAA /* Pods_ioswebrtc.framework */ = {isa = PBXFileReference; explicitFileType = wrapper.framework; includeInIndex = 0; path = Pods_ioswebrtc.framework; sourceTree = BUILT_PRODUCTS_DIR; };
		A83CBB1756349CD0707A1B96 /* Pods_ioswebrtcUITests.framework */ = {isa = PBXFileReference; explicitFileType = wrapper.framework; includeInIndex = 0; path = Pods_ioswebrtcUITests.framework; sourceTree = BUILT_PRODUCTS_DIR; };
		BA6497923F39A331168D54A4 /* Pods-ioswebrtcTests.release.xcconfig */ = {isa = PBXFileReference; includeInIndex = 1; lastKnownFileType = text.xcconfig; name = "Pods-ioswebrtcTests.release.xcconfig"; path = "Pods/Target Support Files/Pods-ioswebrtcTests/Pods-ioswebrtcTests.release.xcconfig"; sourceTree = "<group>"; };
		CE206080AFBF7FE20B9E9140 /* Pods-ioswebrtc.release.xcconfig */ = {isa = PBXFileReference; includeInIndex = 1; lastKnownFileType = text.xcconfig; name = "Pods-ioswebrtc.release.xcconfig"; path = "Pods/Target Support Files/Pods-ioswebrtc/Pods-ioswebrtc.release.xcconfig"; sourceTree = "<group>"; };
/* End PBXFileReference section */

/* Begin PBXFrameworksBuildPhase section */
		46DE91EB203CFAF300F31CDE /* Frameworks */ = {
			isa = PBXFrameworksBuildPhase;
			buildActionMask = 2147483647;
			files = (
				2AC73B211C47E433D5E871AE /* Pods_ioswebrtc.framework in Frameworks */,
			);
			runOnlyForDeploymentPostprocessing = 0;
		};
		46DE91FF203CFAF300F31CDE /* Frameworks */ = {
			isa = PBXFrameworksBuildPhase;
			buildActionMask = 2147483647;
			files = (
				EFD3E148DC2CBBC3B6AE267B /* Pods_ioswebrtcTests.framework in Frameworks */,
			);
			runOnlyForDeploymentPostprocessing = 0;
		};
		46DE920A203CFAF300F31CDE /* Frameworks */ = {
			isa = PBXFrameworksBuildPhase;
			buildActionMask = 2147483647;
			files = (
				DCDA02561D20357459E981CD /* Pods_ioswebrtcUITests.framework in Frameworks */,
			);
			runOnlyForDeploymentPostprocessing = 0;
		};
/* End PBXFrameworksBuildPhase section */

/* Begin PBXGroup section */
		0812F926B4F53939281BD3DF /* Pods */ = {
			isa = PBXGroup;
			children = (
				21ABBF9F8585A3F905A7C5CB /* Pods-ioswebrtc.debug.xcconfig */,
				CE206080AFBF7FE20B9E9140 /* Pods-ioswebrtc.release.xcconfig */,
				69C25303F404D0087D834D37 /* Pods-ioswebrtcTests.debug.xcconfig */,
				BA6497923F39A331168D54A4 /* Pods-ioswebrtcTests.release.xcconfig */,
				767BCE22281C05F7789F7224 /* Pods-ioswebrtcUITests.debug.xcconfig */,
				79ADE782FA3DEB97BA1941DA /* Pods-ioswebrtcUITests.release.xcconfig */,
			);
			name = Pods;
			sourceTree = "<group>";
		};
		46DE91E5203CFAF300F31CDE = {
			isa = PBXGroup;
			children = (
				46DE91F0203CFAF300F31CDE /* ioswebrtc */,
				46DE9205203CFAF300F31CDE /* ioswebrtcTests */,
				46DE9210203CFAF300F31CDE /* ioswebrtcUITests */,
				46DE91EF203CFAF300F31CDE /* Products */,
				0812F926B4F53939281BD3DF /* Pods */,
				A0EBF44FF432C1F89B84EE4D /* Frameworks */,
			);
			sourceTree = "<group>";
		};
		46DE91EF203CFAF300F31CDE /* Products */ = {
			isa = PBXGroup;
			children = (
				46DE91EE203CFAF300F31CDE /* ioswebrtc.app */,
				46DE9202203CFAF300F31CDE /* ioswebrtcTests.xctest */,
				46DE920D203CFAF300F31CDE /* ioswebrtcUITests.xctest */,
			);
			name = Products;
			sourceTree = "<group>";
		};
		46DE91F0203CFAF300F31CDE /* ioswebrtc */ = {
			isa = PBXGroup;
			children = (
				46DE91F1203CFAF300F31CDE /* AppDelegate.swift */,
				46DE91F3203CFAF300F31CDE /* ViewController.swift */,
				46DE91F5203CFAF300F31CDE /* Main.storyboard */,
				46DE91F8203CFAF300F31CDE /* Assets.xcassets */,
				46DE91FA203CFAF300F31CDE /* LaunchScreen.storyboard */,
				46DE91FD203CFAF300F31CDE /* Info.plist */,
				46EB03FC2048278700EEDC4E /* DetailViewController.swift */,
			);
			path = ioswebrtc;
			sourceTree = "<group>";
		};
		46DE9205203CFAF300F31CDE /* ioswebrtcTests */ = {
			isa = PBXGroup;
			children = (
				46DE9206203CFAF300F31CDE /* ioswebrtcTests.swift */,
				46DE9208203CFAF300F31CDE /* Info.plist */,
			);
			path = ioswebrtcTests;
			sourceTree = "<group>";
		};
		46DE9210203CFAF300F31CDE /* ioswebrtcUITests */ = {
			isa = PBXGroup;
			children = (
				46DE9211203CFAF300F31CDE /* ioswebrtcUITests.swift */,
				46DE9213203CFAF300F31CDE /* Info.plist */,
			);
			path = ioswebrtcUITests;
			sourceTree = "<group>";
		};
		A0EBF44FF432C1F89B84EE4D /* Frameworks */ = {
			isa = PBXGroup;
			children = (
				8566644C0955CE90CD6C8CAA /* Pods_ioswebrtc.framework */,
				4180A5968CAA22DAB4F6D31A /* Pods_ioswebrtcTests.framework */,
				A83CBB1756349CD0707A1B96 /* Pods_ioswebrtcUITests.framework */,
			);
			name = Frameworks;
			sourceTree = "<group>";
		};
/* End PBXGroup section */

/* Begin PBXNativeTarget section */
		46DE91ED203CFAF300F31CDE /* ioswebrtc */ = {
			isa = PBXNativeTarget;
			buildConfigurationList = 46DE9216203CFAF300F31CDE /* Build configuration list for PBXNativeTarget "ioswebrtc" */;
			buildPhases = (
				22C7D0816B6D7E5E704DE373 /* [CP] Check Pods Manifest.lock */,
				46DE91EA203CFAF300F31CDE /* Sources */,
				46DE91EB203CFAF300F31CDE /* Frameworks */,
				46DE91EC203CFAF300F31CDE /* Resources */,
				7E48FDC0B438D3ED79820D89 /* [CP] Embed Pods Frameworks */,
				D753ED011E28BBE22C612579 /* [CP] Copy Pods Resources */,
			);
			buildRules = (
			);
			dependencies = (
			);
			name = ioswebrtc;
			productName = ioswebrtc;
			productReference = 46DE91EE203CFAF300F31CDE /* ioswebrtc.app */;
			productType = "com.apple.product-type.application";
		};
		46DE9201203CFAF300F31CDE /* ioswebrtcTests */ = {
			isa = PBXNativeTarget;
			buildConfigurationList = 46DE9219203CFAF300F31CDE /* Build configuration list for PBXNativeTarget "ioswebrtcTests" */;
			buildPhases = (
				14CB13B9C88E33033AE9A000 /* [CP] Check Pods Manifest.lock */,
				46DE91FE203CFAF300F31CDE /* Sources */,
				46DE91FF203CFAF300F31CDE /* Frameworks */,
				46DE9200203CFAF300F31CDE /* Resources */,
				C2BE2817963AADBFD0F582E3 /* [CP] Embed Pods Frameworks */,
				5D1445383BE66B06535A9B7D /* [CP] Copy Pods Resources */,
			);
			buildRules = (
			);
			dependencies = (
				46DE9204203CFAF300F31CDE /* PBXTargetDependency */,
			);
			name = ioswebrtcTests;
			productName = ioswebrtcTests;
			productReference = 46DE9202203CFAF300F31CDE /* ioswebrtcTests.xctest */;
			productType = "com.apple.product-type.bundle.unit-test";
		};
		46DE920C203CFAF300F31CDE /* ioswebrtcUITests */ = {
			isa = PBXNativeTarget;
			buildConfigurationList = 46DE921C203CFAF300F31CDE /* Build configuration list for PBXNativeTarget "ioswebrtcUITests" */;
			buildPhases = (
				2A146409C559AC23A1C24B86 /* [CP] Check Pods Manifest.lock */,
				46DE9209203CFAF300F31CDE /* Sources */,
				46DE920A203CFAF300F31CDE /* Frameworks */,
				46DE920B203CFAF300F31CDE /* Resources */,
				0B3B14AA7C1EBB13C7ADC27B /* [CP] Embed Pods Frameworks */,
				E23BEFFA3BCEFFE9318F478F /* [CP] Copy Pods Resources */,
			);
			buildRules = (
			);
			dependencies = (
				46DE920F203CFAF300F31CDE /* PBXTargetDependency */,
			);
			name = ioswebrtcUITests;
			productName = ioswebrtcUITests;
			productReference = 46DE920D203CFAF300F31CDE /* ioswebrtcUITests.xctest */;
			productType = "com.apple.product-type.bundle.ui-testing";
		};
/* End PBXNativeTarget section */

/* Begin PBXProject section */
		46DE91E6203CFAF300F31CDE /* Project object */ = {
			isa = PBXProject;
			attributes = {
				LastSwiftUpdateCheck = 0920;
				LastUpgradeCheck = 0920;
				ORGANIZATIONNAME = tdtsh;
				TargetAttributes = {
					46DE91ED203CFAF300F31CDE = {
						CreatedOnToolsVersion = 9.2;
						ProvisioningStyle = Manual;
					};
					46DE9201203CFAF300F31CDE = {
						CreatedOnToolsVersion = 9.2;
						ProvisioningStyle = Automatic;
						TestTargetID = 46DE91ED203CFAF300F31CDE;
					};
					46DE920C203CFAF300F31CDE = {
						CreatedOnToolsVersion = 9.2;
						ProvisioningStyle = Automatic;
						TestTargetID = 46DE91ED203CFAF300F31CDE;
					};
				};
			};
			buildConfigurationList = 46DE91E9203CFAF300F31CDE /* Build configuration list for PBXProject "ioswebrtc" */;
			compatibilityVersion = "Xcode 8.0";
			developmentRegion = en;
			hasScannedForEncodings = 0;
			knownRegions = (
				en,
				Base,
			);
			mainGroup = 46DE91E5203CFAF300F31CDE;
			productRefGroup = 46DE91EF203CFAF300F31CDE /* Products */;
			projectDirPath = "";
			projectRoot = "";
			targets = (
				46DE91ED203CFAF300F31CDE /* ioswebrtc */,
				46DE9201203CFAF300F31CDE /* ioswebrtcTests */,
				46DE920C203CFAF300F31CDE /* ioswebrtcUITests */,
			);
		};
/* End PBXProject section */

/* Begin PBXResourcesBuildPhase section */
		46DE91EC203CFAF300F31CDE /* Resources */ = {
			isa = PBXResourcesBuildPhase;
			buildActionMask = 2147483647;
			files = (
				46DE91FC203CFAF300F31CDE /* LaunchScreen.storyboard in Resources */,
				46DE91F9203CFAF300F31CDE /* Assets.xcassets in Resources */,
				46DE91F7203CFAF300F31CDE /* Main.storyboard in Resources */,
			);
			runOnlyForDeploymentPostprocessing = 0;
		};
		46DE9200203CFAF300F31CDE /* Resources */ = {
			isa = PBXResourcesBuildPhase;
			buildActionMask = 2147483647;
			files = (
			);
			runOnlyForDeploymentPostprocessing = 0;
		};
		46DE920B203CFAF300F31CDE /* Resources */ = {
			isa = PBXResourcesBuildPhase;
			buildActionMask = 2147483647;
			files = (
			);
			runOnlyForDeploymentPostprocessing = 0;
		};
/* End PBXResourcesBuildPhase section */

/* Begin PBXShellScriptBuildPhase section */
		0B3B14AA7C1EBB13C7ADC27B /* [CP] Embed Pods Frameworks */ = {
			isa = PBXShellScriptBuildPhase;
			buildActionMask = 2147483647;
			files = (
			);
			inputPaths = (
			);
			name = "[CP] Embed Pods Frameworks";
			outputPaths = (
			);
			runOnlyForDeploymentPostprocessing = 0;
			shellPath = /bin/sh;
			shellScript = "\"${SRCROOT}/Pods/Target Support Files/Pods-ioswebrtcUITests/Pods-ioswebrtcUITests-frameworks.sh\"\n";
			showEnvVarsInLog = 0;
		};
		14CB13B9C88E33033AE9A000 /* [CP] Check Pods Manifest.lock */ = {
			isa = PBXShellScriptBuildPhase;
			buildActionMask = 2147483647;
			files = (
			);
			inputPaths = (
			);
			name = "[CP] Check Pods Manifest.lock";
			outputPaths = (
			);
			runOnlyForDeploymentPostprocessing = 0;
			shellPath = /bin/sh;
			shellScript = "diff \"${PODS_PODFILE_DIR_PATH}/Podfile.lock\" \"${PODS_ROOT}/Manifest.lock\" > /dev/null\nif [ $? != 0 ] ; then\n    # print error to STDERR\n    echo \"error: The sandbox is not in sync with the Podfile.lock. Run 'pod install' or update your CocoaPods installation.\" >&2\n    exit 1\nfi\n";
			showEnvVarsInLog = 0;
		};
		22C7D0816B6D7E5E704DE373 /* [CP] Check Pods Manifest.lock */ = {
			isa = PBXShellScriptBuildPhase;
			buildActionMask = 2147483647;
			files = (
			);
			inputPaths = (
			);
			name = "[CP] Check Pods Manifest.lock";
			outputPaths = (
			);
			runOnlyForDeploymentPostprocessing = 0;
			shellPath = /bin/sh;
			shellScript = "diff \"${PODS_PODFILE_DIR_PATH}/Podfile.lock\" \"${PODS_ROOT}/Manifest.lock\" > /dev/null\nif [ $? != 0 ] ; then\n    # print error to STDERR\n    echo \"error: The sandbox is not in sync with the Podfile.lock. Run 'pod install' or update your CocoaPods installation.\" >&2\n    exit 1\nfi\n";
			showEnvVarsInLog = 0;
		};
		2A146409C559AC23A1C24B86 /* [CP] Check Pods Manifest.lock */ = {
			isa = PBXShellScriptBuildPhase;
			buildActionMask = 2147483647;
			files = (
			);
			inputPaths = (
			);
			name = "[CP] Check Pods Manifest.lock";
			outputPaths = (
			);
			runOnlyForDeploymentPostprocessing = 0;
			shellPath = /bin/sh;
			shellScript = "diff \"${PODS_PODFILE_DIR_PATH}/Podfile.lock\" \"${PODS_ROOT}/Manifest.lock\" > /dev/null\nif [ $? != 0 ] ; then\n    # print error to STDERR\n    echo \"error: The sandbox is not in sync with the Podfile.lock. Run 'pod install' or update your CocoaPods installation.\" >&2\n    exit 1\nfi\n";
			showEnvVarsInLog = 0;
		};
		5D1445383BE66B06535A9B7D /* [CP] Copy Pods Resources */ = {
			isa = PBXShellScriptBuildPhase;
			buildActionMask = 2147483647;
			files = (
			);
			inputPaths = (
			);
			name = "[CP] Copy Pods Resources";
			outputPaths = (
			);
			runOnlyForDeploymentPostprocessing = 0;
			shellPath = /bin/sh;
			shellScript = "\"${SRCROOT}/Pods/Target Support Files/Pods-ioswebrtcTests/Pods-ioswebrtcTests-resources.sh\"\n";
			showEnvVarsInLog = 0;
		};
		7E48FDC0B438D3ED79820D89 /* [CP] Embed Pods Frameworks */ = {
			isa = PBXShellScriptBuildPhase;
			buildActionMask = 2147483647;
			files = (
			);
			inputPaths = (
			);
			name = "[CP] Embed Pods Frameworks";
			outputPaths = (
			);
			runOnlyForDeploymentPostprocessing = 0;
			shellPath = /bin/sh;
			shellScript = "\"${SRCROOT}/Pods/Target Support Files/Pods-ioswebrtc/Pods-ioswebrtc-frameworks.sh\"\n";
			showEnvVarsInLog = 0;
		};
		C2BE2817963AADBFD0F582E3 /* [CP] Embed Pods Frameworks */ = {
			isa = PBXShellScriptBuildPhase;
			buildActionMask = 2147483647;
			files = (
			);
			inputPaths = (
			);
			name = "[CP] Embed Pods Frameworks";
			outputPaths = (
			);
			runOnlyForDeploymentPostprocessing = 0;
			shellPath = /bin/sh;
			shellScript = "\"${SRCROOT}/Pods/Target Support Files/Pods-ioswebrtcTests/Pods-ioswebrtcTests-frameworks.sh\"\n";
			showEnvVarsInLog = 0;
		};
		D753ED011E28BBE22C612579 /* [CP] Copy Pods Resources */ = {
			isa = PBXShellScriptBuildPhase;
			buildActionMask = 2147483647;
			files = (
			);
			inputPaths = (
			);
			name = "[CP] Copy Pods Resources";
			outputPaths = (
			);
			runOnlyForDeploymentPostprocessing = 0;
			shellPath = /bin/sh;
			shellScript = "\"${SRCROOT}/Pods/Target Support Files/Pods-ioswebrtc/Pods-ioswebrtc-resources.sh\"\n";
			showEnvVarsInLog = 0;
		};
		E23BEFFA3BCEFFE9318F478F /* [CP] Copy Pods Resources */ = {
			isa = PBXShellScriptBuildPhase;
			buildActionMask = 2147483647;
			files = (
			);
			inputPaths = (
			);
			name = "[CP] Copy Pods Resources";
			outputPaths = (
			);
			runOnlyForDeploymentPostprocessing = 0;
			shellPath = /bin/sh;
			shellScript = "\"${SRCROOT}/Pods/Target Support Files/Pods-ioswebrtcUITests/Pods-ioswebrtcUITests-resources.sh\"\n";
			showEnvVarsInLog = 0;
		};
/* End PBXShellScriptBuildPhase section */

/* Begin PBXSourcesBuildPhase section */
		46DE91EA203CFAF300F31CDE /* Sources */ = {
			isa = PBXSourcesBuildPhase;
			buildActionMask = 2147483647;
			files = (
				46EB03FD2048278700EEDC4E /* DetailViewController.swift in Sources */,
				46DE91F4203CFAF300F31CDE /* ViewController.swift in Sources */,
				46DE91F2203CFAF300F31CDE /* AppDelegate.swift in Sources */,
			);
			runOnlyForDeploymentPostprocessing = 0;
		};
		46DE91FE203CFAF300F31CDE /* Sources */ = {
			isa = PBXSourcesBuildPhase;
			buildActionMask = 2147483647;
			files = (
				46DE9207203CFAF300F31CDE /* ioswebrtcTests.swift in Sources */,
			);
			runOnlyForDeploymentPostprocessing = 0;
		};
		46DE9209203CFAF300F31CDE /* Sources */ = {
			isa = PBXSourcesBuildPhase;
			buildActionMask = 2147483647;
			files = (
				46DE9212203CFAF300F31CDE /* ioswebrtcUITests.swift in Sources */,
			);
			runOnlyForDeploymentPostprocessing = 0;
		};
/* End PBXSourcesBuildPhase section */

/* Begin PBXTargetDependency section */
		46DE9204203CFAF300F31CDE /* PBXTargetDependency */ = {
			isa = PBXTargetDependency;
			target = 46DE91ED203CFAF300F31CDE /* ioswebrtc */;
			targetProxy = 46DE9203203CFAF300F31CDE /* PBXContainerItemProxy */;
		};
		46DE920F203CFAF300F31CDE /* PBXTargetDependency */ = {
			isa = PBXTargetDependency;
			target = 46DE91ED203CFAF300F31CDE /* ioswebrtc */;
			targetProxy = 46DE920E203CFAF300F31CDE /* PBXContainerItemProxy */;
		};
/* End PBXTargetDependency section */

/* Begin PBXVariantGroup section */
		46DE91F5203CFAF300F31CDE /* Main.storyboard */ = {
			isa = PBXVariantGroup;
			children = (
				46DE91F6203CFAF300F31CDE /* Base */,
			);
			name = Main.storyboard;
			sourceTree = "<group>";
		};
		46DE91FA203CFAF300F31CDE /* LaunchScreen.storyboard */ = {
			isa = PBXVariantGroup;
			children = (
				46DE91FB203CFAF300F31CDE /* Base */,
			);
			name = LaunchScreen.storyboard;
			sourceTree = "<group>";
		};
/* End PBXVariantGroup section */

/* Begin XCBuildConfiguration section */
		46DE9214203CFAF300F31CDE /* Debug */ = {
			isa = XCBuildConfiguration;
			buildSettings = {
				ALWAYS_SEARCH_USER_PATHS = NO;
				CLANG_ANALYZER_NONNULL = YES;
				CLANG_ANALYZER_NUMBER_OBJECT_CONVERSION = YES_AGGRESSIVE;
				CLANG_CXX_LANGUAGE_STANDARD = "gnu++14";
				CLANG_CXX_LIBRARY = "libc++";
				CLANG_ENABLE_MODULES = YES;
				CLANG_ENABLE_OBJC_ARC = YES;
				CLANG_WARN_BLOCK_CAPTURE_AUTORELEASING = YES;
				CLANG_WARN_BOOL_CONVERSION = YES;
				CLANG_WARN_COMMA = YES;
				CLANG_WARN_CONSTANT_CONVERSION = YES;
				CLANG_WARN_DIRECT_OBJC_ISA_USAGE = YES_ERROR;
				CLANG_WARN_DOCUMENTATION_COMMENTS = YES;
				CLANG_WARN_EMPTY_BODY = YES;
				CLANG_WARN_ENUM_CONVERSION = YES;
				CLANG_WARN_INFINITE_RECURSION = YES;
				CLANG_WARN_INT_CONVERSION = YES;
				CLANG_WARN_NON_LITERAL_NULL_CONVERSION = YES;
				CLANG_WARN_OBJC_LITERAL_CONVERSION = YES;
				CLANG_WARN_OBJC_ROOT_CLASS = YES_ERROR;
				CLANG_WARN_RANGE_LOOP_ANALYSIS = YES;
				CLANG_WARN_STRICT_PROTOTYPES = YES;
				CLANG_WARN_SUSPICIOUS_MOVE = YES;
				CLANG_WARN_UNGUARDED_AVAILABILITY = YES_AGGRESSIVE;
				CLANG_WARN_UNREACHABLE_CODE = YES;
				CLANG_WARN__DUPLICATE_METHOD_MATCH = YES;
				CODE_SIGN_IDENTITY = "iPhone Developer";
				COPY_PHASE_STRIP = NO;
				DEBUG_INFORMATION_FORMAT = dwarf;
				ENABLE_BITCODE = NO;
				ENABLE_STRICT_OBJC_MSGSEND = YES;
				ENABLE_TESTABILITY = YES;
				GCC_C_LANGUAGE_STANDARD = gnu11;
				GCC_DYNAMIC_NO_PIC = NO;
				GCC_NO_COMMON_BLOCKS = YES;
				GCC_OPTIMIZATION_LEVEL = 0;
				GCC_PREPROCESSOR_DEFINITIONS = (
					"DEBUG=1",
					"$(inherited)",
				);
				GCC_WARN_64_TO_32_BIT_CONVERSION = YES;
				GCC_WARN_ABOUT_RETURN_TYPE = YES_ERROR;
				GCC_WARN_UNDECLARED_SELECTOR = YES;
				GCC_WARN_UNINITIALIZED_AUTOS = YES_AGGRESSIVE;
				GCC_WARN_UNUSED_FUNCTION = YES;
				GCC_WARN_UNUSED_VARIABLE = YES;
				IPHONEOS_DEPLOYMENT_TARGET = 11.2;
				MTL_ENABLE_DEBUG_INFO = YES;
				ONLY_ACTIVE_ARCH = YES;
				SDKROOT = iphoneos;
				SWIFT_ACTIVE_COMPILATION_CONDITIONS = DEBUG;
				SWIFT_OPTIMIZATION_LEVEL = "-Onone";
			};
			name = Debug;
		};
		46DE9215203CFAF300F31CDE /* Release */ = {
			isa = XCBuildConfiguration;
			buildSettings = {
				ALWAYS_SEARCH_USER_PATHS = NO;
				CLANG_ANALYZER_NONNULL = YES;
				CLANG_ANALYZER_NUMBER_OBJECT_CONVERSION = YES_AGGRESSIVE;
				CLANG_CXX_LANGUAGE_STANDARD = "gnu++14";
				CLANG_CXX_LIBRARY = "libc++";
				CLANG_ENABLE_MODULES = YES;
				CLANG_ENABLE_OBJC_ARC = YES;
				CLANG_WARN_BLOCK_CAPTURE_AUTORELEASING = YES;
				CLANG_WARN_BOOL_CONVERSION = YES;
				CLANG_WARN_COMMA = YES;
				CLANG_WARN_CONSTANT_CONVERSION = YES;
				CLANG_WARN_DIRECT_OBJC_ISA_USAGE = YES_ERROR;
				CLANG_WARN_DOCUMENTATION_COMMENTS = YES;
				CLANG_WARN_EMPTY_BODY = YES;
				CLANG_WARN_ENUM_CONVERSION = YES;
				CLANG_WARN_INFINITE_RECURSION = YES;
				CLANG_WARN_INT_CONVERSION = YES;
				CLANG_WARN_NON_LITERAL_NULL_CONVERSION = YES;
				CLANG_WARN_OBJC_LITERAL_CONVERSION = YES;
				CLANG_WARN_OBJC_ROOT_CLASS = YES_ERROR;
				CLANG_WARN_RANGE_LOOP_ANALYSIS = YES;
				CLANG_WARN_STRICT_PROTOTYPES = YES;
				CLANG_WARN_SUSPICIOUS_MOVE = YES;
				CLANG_WARN_UNGUARDED_AVAILABILITY = YES_AGGRESSIVE;
				CLANG_WARN_UNREACHABLE_CODE = YES;
				CLANG_WARN__DUPLICATE_METHOD_MATCH = YES;
				CODE_SIGN_IDENTITY = "iPhone Developer";
				COPY_PHASE_STRIP = NO;
				DEBUG_INFORMATION_FORMAT = "dwarf-with-dsym";
				ENABLE_BITCODE = NO;
				ENABLE_NS_ASSERTIONS = NO;
				ENABLE_STRICT_OBJC_MSGSEND = YES;
				GCC_C_LANGUAGE_STANDARD = gnu11;
				GCC_NO_COMMON_BLOCKS = YES;
				GCC_WARN_64_TO_32_BIT_CONVERSION = YES;
				GCC_WARN_ABOUT_RETURN_TYPE = YES_ERROR;
				GCC_WARN_UNDECLARED_SELECTOR = YES;
				GCC_WARN_UNINITIALIZED_AUTOS = YES_AGGRESSIVE;
				GCC_WARN_UNUSED_FUNCTION = YES;
				GCC_WARN_UNUSED_VARIABLE = YES;
				IPHONEOS_DEPLOYMENT_TARGET = 11.2;
				MTL_ENABLE_DEBUG_INFO = NO;
				SDKROOT = iphoneos;
				SWIFT_OPTIMIZATION_LEVEL = "-Owholemodule";
				VALIDATE_PRODUCT = YES;
			};
			name = Release;
		};
		46DE9217203CFAF300F31CDE /* Debug */ = {
			isa = XCBuildConfiguration;
			baseConfigurationReference = 21ABBF9F8585A3F905A7C5CB /* Pods-ioswebrtc.debug.xcconfig */;
			buildSettings = {
				ASSETCATALOG_COMPILER_APPICON_NAME = AppIcon;
				CODE_SIGN_STYLE = Manual;
				DEVELOPMENT_TEAM = Q7EHW7YA74;
				INFOPLIST_FILE = ioswebrtc/Info.plist;
				LD_RUNPATH_SEARCH_PATHS = "$(inherited) @executable_path/Frameworks";
				PRODUCT_BUNDLE_IDENTIFIER = com.tdtsh.app.ios.ioswebrtc.ioswebrtc;
				PRODUCT_NAME = "$(TARGET_NAME)";
				PROVISIONING_PROFILE = "534e7b02-eaf2-416e-9d0b-c081c5a41e8e";
				PROVISIONING_PROFILE_SPECIFIER = "For Debug";
				SWIFT_VERSION = 4.0;
				TARGETED_DEVICE_FAMILY = "1,2";
			};
			name = Debug;
		};
		46DE9218203CFAF300F31CDE /* Release */ = {
			isa = XCBuildConfiguration;
			baseConfigurationReference = CE206080AFBF7FE20B9E9140 /* Pods-ioswebrtc.release.xcconfig */;
			buildSettings = {
				ASSETCATALOG_COMPILER_APPICON_NAME = AppIcon;
				"CODE_SIGN_IDENTITY[sdk=iphoneos*]" = "iPhone Distribution";
				CODE_SIGN_STYLE = Manual;
				DEVELOPMENT_TEAM = Q7EHW7YA74;
				INFOPLIST_FILE = ioswebrtc/Info.plist;
				LD_RUNPATH_SEARCH_PATHS = "$(inherited) @executable_path/Frameworks";
				PRODUCT_BUNDLE_IDENTIFIER = com.tdtsh.app.ios.ioswebrtc.ioswebrtc;
				PRODUCT_NAME = "$(TARGET_NAME)";
				PROVISIONING_PROFILE = "ef4bff07-6de0-44e6-bf37-9dd79dcb2c8f";
				PROVISIONING_PROFILE_SPECIFIER = Adhoc_Wildcard;
				SWIFT_VERSION = 4.0;
				TARGETED_DEVICE_FAMILY = "1,2";
			};
			name = Release;
		};
		46DE921A203CFAF300F31CDE /* Debug */ = {
			isa = XCBuildConfiguration;
			baseConfigurationReference = 69C25303F404D0087D834D37 /* Pods-ioswebrtcTests.debug.xcconfig */;
			buildSettings = {
				ALWAYS_EMBED_SWIFT_STANDARD_LIBRARIES = YES;
				BUNDLE_LOADER = "$(TEST_HOST)";
				CODE_SIGN_STYLE = Automatic;
				INFOPLIST_FILE = ioswebrtcTests/Info.plist;
				LD_RUNPATH_SEARCH_PATHS = "$(inherited) @executable_path/Frameworks @loader_path/Frameworks";
				PRODUCT_BUNDLE_IDENTIFIER = com.tdtsh.app.ios.ioswebrtc.ioswebrtcTests;
				PRODUCT_NAME = "$(TARGET_NAME)";
				SWIFT_VERSION = 4.0;
				TARGETED_DEVICE_FAMILY = "1,2";
				TEST_HOST = "$(BUILT_PRODUCTS_DIR)/ioswebrtc.app/ioswebrtc";
			};
			name = Debug;
		};
		46DE921B203CFAF300F31CDE /* Release */ = {
			isa = XCBuildConfiguration;
			baseConfigurationReference = BA6497923F39A331168D54A4 /* Pods-ioswebrtcTests.release.xcconfig */;
			buildSettings = {
				ALWAYS_EMBED_SWIFT_STANDARD_LIBRARIES = YES;
				BUNDLE_LOADER = "$(TEST_HOST)";
				CODE_SIGN_STYLE = Automatic;
				INFOPLIST_FILE = ioswebrtcTests/Info.plist;
				LD_RUNPATH_SEARCH_PATHS = "$(inherited) @executable_path/Frameworks @loader_path/Frameworks";
				PRODUCT_BUNDLE_IDENTIFIER = com.tdtsh.app.ios.ioswebrtc.ioswebrtcTests;
				PRODUCT_NAME = "$(TARGET_NAME)";
				SWIFT_VERSION = 4.0;
				TARGETED_DEVICE_FAMILY = "1,2";
				TEST_HOST = "$(BUILT_PRODUCTS_DIR)/ioswebrtc.app/ioswebrtc";
			};
			name = Release;
		};
		46DE921D203CFAF300F31CDE /* Debug */ = {
			isa = XCBuildConfiguration;
			baseConfigurationReference = 767BCE22281C05F7789F7224 /* Pods-ioswebrtcUITests.debug.xcconfig */;
			buildSettings = {
				ALWAYS_EMBED_SWIFT_STANDARD_LIBRARIES = YES;
				CODE_SIGN_STYLE = Automatic;
				INFOPLIST_FILE = ioswebrtcUITests/Info.plist;
				LD_RUNPATH_SEARCH_PATHS = "$(inherited) @executable_path/Frameworks @loader_path/Frameworks";
				PRODUCT_BUNDLE_IDENTIFIER = com.tdtsh.app.ios.ioswebrtc.ioswebrtcUITests;
				PRODUCT_NAME = "$(TARGET_NAME)";
				SWIFT_VERSION = 4.0;
				TARGETED_DEVICE_FAMILY = "1,2";
				TEST_TARGET_NAME = ioswebrtc;
			};
			name = Debug;
		};
		46DE921E203CFAF300F31CDE /* Release */ = {
			isa = XCBuildConfiguration;
			baseConfigurationReference = 79ADE782FA3DEB97BA1941DA /* Pods-ioswebrtcUITests.release.xcconfig */;
			buildSettings = {
				ALWAYS_EMBED_SWIFT_STANDARD_LIBRARIES = YES;
				CODE_SIGN_STYLE = Automatic;
				INFOPLIST_FILE = ioswebrtcUITests/Info.plist;
				LD_RUNPATH_SEARCH_PATHS = "$(inherited) @executable_path/Frameworks @loader_path/Frameworks";
				PRODUCT_BUNDLE_IDENTIFIER = com.tdtsh.app.ios.ioswebrtc.ioswebrtcUITests;
				PRODUCT_NAME = "$(TARGET_NAME)";
				SWIFT_VERSION = 4.0;
				TARGETED_DEVICE_FAMILY = "1,2";
				TEST_TARGET_NAME = ioswebrtc;
			};
			name = Release;
		};
/* End XCBuildConfiguration section */

/* Begin XCConfigurationList section */
		46DE91E9203CFAF300F31CDE /* Build configuration list for PBXProject "ioswebrtc" */ = {
			isa = XCConfigurationList;
			buildConfigurations = (
				46DE9214203CFAF300F31CDE /* Debug */,
				46DE9215203CFAF300F31CDE /* Release */,
			);
			defaultConfigurationIsVisible = 0;
			defaultConfigurationName = Release;
		};
		46DE9216203CFAF300F31CDE /* Build configuration list for PBXNativeTarget "ioswebrtc" */ = {
			isa = XCConfigurationList;
			buildConfigurations = (
				46DE9217203CFAF300F31CDE /* Debug */,
				46DE9218203CFAF300F31CDE /* Release */,
			);
			defaultConfigurationIsVisible = 0;
			defaultConfigurationName = Release;
		};
		46DE9219203CFAF300F31CDE /* Build configuration list for PBXNativeTarget "ioswebrtcTests" */ = {
			isa = XCConfigurationList;
			buildConfigurations = (
				46DE921A203CFAF300F31CDE /* Debug */,
				46DE921B203CFAF300F31CDE /* Release */,
			);
			defaultConfigurationIsVisible = 0;
			defaultConfigurationName = Release;
		};
		46DE921C203CFAF300F31CDE /* Build configuration list for PBXNativeTarget "ioswebrtcUITests" */ = {
			isa = XCConfigurationList;
			buildConfigurations = (
				46DE921D203CFAF300F31CDE /* Debug */,
				46DE921E203CFAF300F31CDE /* Release */,
			);
			defaultConfigurationIsVisible = 0;
			defaultConfigurationName = Release;
		};
/* End XCConfigurationList section */
	};
	rootObject = 46DE91E6203CFAF300F31CDE /* Project object */;
}
